
Microsoft Visual Studio Solution File, Format Version 12.00
# Visual Studio Version 16
VisualStudioVersion = 16.0.29306.81
MinimumVisualStudioVersion = 10.0.40219.1
Project("{FAE04EC0-301F-11D3-BF4B-00C04F79EFBC}") = "FarmerSupport", "FarmerSupport.csproj", "{50D27FE7-4FC3-4C44-BBE2-FFB356682C6C}"
EndProject
Global
	GlobalSection(SolutionConfigurationPlatforms) = preSolution
		Debug|Any CPU = Debug|Any CPU
		Release|Any CPU = Release|Any CPU
	EndGlobalSection
	GlobalSection(ProjectConfigurationPlatforms) = postSolution
		{50D27FE7-4FC3-4C44-BBE2-FFB356682C6C}.Debug|Any CPU.ActiveCfg = Debug|Any CPU
		{50D27FE7-4FC3-4C44-BBE2-FFB356682C6C}.Debug|Any CPU.Build.0 = Debug|Any CPU
		{50D27FE7-4FC3-4C44-BBE2-FFB356682C6C}.Release|Any CPU.ActiveCfg = Release|Any CPU
		{50D27FE7-4FC3-4C44-BBE2-FFB356682C6C}.Release|Any CPU.Build.0 = Release|Any CPU
	EndGlobalSection
	GlobalSection(SolutionProperties) = preSolution
		HideSolutionNode = FALSE
	EndGlobalSection
	GlobalSection(ExtensibilityGlobals) = postSolution
		SolutionGuid = {BEF082CA-12B4-4ABD-A924-14607BC608C1}
	EndGlobalSection
EndGlobal
